// !$*UTF8*$!
{
	archiveVersion = 1;
	classes = {
	};
	objectVersion = 46;
	objects = {

/* Begin PBXBuildFile section */
		3B8E61CB1B3AA21B0060B6D7 /* main.m in Sources */ = {isa = PBXBuildFile; fileRef = 3B8E61CA1B3AA21B0060B6D7 /* main.m */; };
		3B8E61CE1B3AA21B0060B6D7 /* AppDelegate.m in Sources */ = {isa = PBXBuildFile; fileRef = 3B8E61CD1B3AA21B0060B6D7 /* AppDelegate.m */; };
		3B8E61D11B3AA21B0060B6D7 /* ViewController.m in Sources */ = {isa = PBXBuildFile; fileRef = 3B8E61D01B3AA21B0060B6D7 /* ViewController.m */; };
		3B8E61D41B3AA21B0060B6D7 /* Main.storyboard in Resources */ = {isa = PBXBuildFile; fileRef = 3B8E61D21B3AA21B0060B6D7 /* Main.storyboard */; };
		3B8E61D61B3AA21B0060B6D7 /* Images.xcassets in Resources */ = {isa = PBXBuildFile; fileRef = 3B8E61D51B3AA21B0060B6D7 /* Images.xcassets */; };
		3B8E61D91B3AA21B0060B6D7 /* LaunchScreen.xib in Resources */ = {isa = PBXBuildFile; fileRef = 3B8E61D71B3AA21B0060B6D7 /* LaunchScreen.xib */; };
		3B8E61E51B3AA21B0060B6D7 /* Perfect_LoginTests.m in Sources */ = {isa = PBXBuildFile; fileRef = 3B8E61E41B3AA21B0060B6D7 /* Perfect_LoginTests.m */; };
		3BA6AE641B3C1FDA0033646E /* HomeScreen.m in Sources */ = {isa = PBXBuildFile; fileRef = 3BA6AE631B3C1FD90033646E /* HomeScreen.m */; };
/* End PBXBuildFile section */

/* Begin PBXContainerItemProxy section */
		3B8E61DF1B3AA21B0060B6D7 /* PBXContainerItemProxy */ = {
			isa = PBXContainerItemProxy;
			containerPortal = 3B8E61BD1B3AA21B0060B6D7 /* Project object */;
			proxyType = 1;
			remoteGlobalIDString = 3B8E61C41B3AA21B0060B6D7;
			remoteInfo = "Perfect Login";
		};
/* End PBXContainerItemProxy section */

/* Begin PBXFileReference section */
		3B8E61C51B3AA21B0060B6D7 /* Perfect Login.app */ = {isa = PBXFileReference; explicitFileType = wrapper.application; includeInIndex = 0; path = "Perfect Login.app"; sourceTree = BUILT_PRODUCTS_DIR; };
		3B8E61C91B3AA21B0060B6D7 /* Info.plist */ = {isa = PBXFileReference; lastKnownFileType = text.plist.xml; path = Info.plist; sourceTree = "<group>"; };
		3B8E61CA1B3AA21B0060B6D7 /* main.m */ = {isa = PBXFileReference; lastKnownFileType = sourcecode.c.objc; path = main.m; sourceTree = "<group>"; };
		3B8E61CC1B3AA21B0060B6D7 /* AppDelegate.h */ = {isa = PBXFileReference; lastKnownFileType = sourcecode.c.h; path = AppDelegate.h; sourceTree = "<group>"; };
		3B8E61CD1B3AA21B0060B6D7 /* AppDelegate.m */ = {isa = PBXFileReference; lastKnownFileType = sourcecode.c.objc; path = AppDelegate.m; sourceTree = "<group>"; };
		3B8E61CF1B3AA21B0060B6D7 /* ViewController.h */ = {isa = PBXFileReference; lastKnownFileType = sourcecode.c.h; path = ViewController.h; sourceTree = "<group>"; };
		3B8E61D01B3AA21B0060B6D7 /* ViewController.m */ = {isa = PBXFileReference; lastKnownFileType = sourcecode.c.objc; path = ViewController.m; sourceTree = "<group>"; };
		3B8E61D31B3AA21B0060B6D7 /* Base */ = {isa = PBXFileReference; lastKnownFileType = file.storyboard; name = Base; path = Base.lproj/Main.storyboard; sourceTree = "<group>"; };
		3B8E61D51B3AA21B0060B6D7 /* Images.xcassets */ = {isa = PBXFileReference; lastKnownFileType = folder.assetcatalog; path = Images.xcassets; sourceTree = "<group>"; };
		3B8E61D81B3AA21B0060B6D7 /* Base */ = {isa = PBXFileReference; lastKnownFileType = file.xib; name = Base; path = Base.lproj/LaunchScreen.xib; sourceTree = "<group>"; };
		3B8E61DE1B3AA21B0060B6D7 /* Perfect LoginTests.xctest */ = {isa = PBXFileReference; explicitFileType = wrapper.cfbundle; includeInIndex = 0; path = "Perfect LoginTests.xctest"; sourceTree = BUILT_PRODUCTS_DIR; };
		3B8E61E31B3AA21B0060B6D7 /* Info.plist */ = {isa = PBXFileReference; lastKnownFileType = text.plist.xml; path = Info.plist; sourceTree = "<group>"; };
		3B8E61E41B3AA21B0060B6D7 /* Perfect_LoginTests.m */ = {isa = PBXFileReference; lastKnownFileType = sourcecode.c.objc; path = Perfect_LoginTests.m; sourceTree = "<group>"; };
		3BA6AE621B3C1FD90033646E /* HomeScreen.h */ = {isa = PBXFileReference; fileEncoding = 4; lastKnownFileType = sourcecode.c.h; path = HomeScreen.h; sourceTree = "<group>"; };
		3BA6AE631B3C1FD90033646E /* HomeScreen.m */ = {isa = PBXFileReference; fileEncoding = 4; lastKnownFileType = sourcecode.c.objc; path = HomeScreen.m; sourceTree = "<group>"; };
/* End PBXFileReference section */

/* Begin PBXFrameworksBuildPhase section */
		3B8E61C21B3AA21B0060B6D7 /* Frameworks */ = {
			isa = PBXFrameworksBuildPhase;
			buildActionMask = 2147483647;
			files = (
			);
			runOnlyForDeploymentPostprocessing = 0;
		};
		3B8E61DB1B3AA21B0060B6D7 /* Frameworks */ = {
			isa = PBXFrameworksBuildPhase;
			buildActionMask = 2147483647;
			files = (
			);
			runOnlyForDeploymentPostprocessing = 0;
		};
/* End PBXFrameworksBuildPhase section */

/* Begin PBXGroup section */
		3B8E61BC1B3AA21B0060B6D7 = {
			isa = PBXGroup;
			children = (
				3B8E61C71B3AA21B0060B6D7 /* Perfect Login */,
				3B8E61E11B3AA21B0060B6D7 /* Perfect LoginTests */,
				3B8E61C61B3AA21B0060B6D7 /* Products */,
			);
			sourceTree = "<group>";
		};
		3B8E61C61B3AA21B0060B6D7 /* Products */ = {
			isa = PBXGroup;
			children = (
				3B8E61C51B3AA21B0060B6D7 /* Perfect Login.app */,
				3B8E61DE1B3AA21B0060B6D7 /* Perfect LoginTests.xctest */,
			);
			name = Products;
			sourceTree = "<group>";
		};
		3B8E61C71B3AA21B0060B6D7 /* Perfect Login */ = {
			isa = PBXGroup;
			children = (
				3B8E61CC1B3AA21B0060B6D7 /* AppDelegate.h */,
				3B8E61CD1B3AA21B0060B6D7 /* AppDelegate.m */,
				3B8E61CF1B3AA21B0060B6D7 /* ViewController.h */,
				3B8E61D01B3AA21B0060B6D7 /* ViewController.m */,
				3BA6AE621B3C1FD90033646E /* HomeScreen.h */,
				3BA6AE631B3C1FD90033646E /* HomeScreen.m */,
				3B8E61D21B3AA21B0060B6D7 /* Main.storyboard */,
				3B8E61D51B3AA21B0060B6D7 /* Images.xcassets */,
				3B8E61D71B3AA21B0060B6D7 /* LaunchScreen.xib */,
				3B8E61C81B3AA21B0060B6D7 /* Supporting Files */,
			);
			path = "Perfect Login";
			sourceTree = "<group>";
		};
		3B8E61C81B3AA21B0060B6D7 /* Supporting Files */ = {
			isa = PBXGroup;
			children = (
				3B8E61C91B3AA21B0060B6D7 /* Info.plist */,
				3B8E61CA1B3AA21B0060B6D7 /* main.m */,
			);
			name = "Supporting Files";
			sourceTree = "<group>";
		};
		3B8E61E11B3AA21B0060B6D7 /* Perfect LoginTests */ = {
			isa = PBXGroup;
			children = (
				3B8E61E41B3AA21B0060B6D7 /* Perfect_LoginTests.m */,
				3B8E61E21B3AA21B0060B6D7 /* Supporting Files */,
			);
			path = "Perfect LoginTests";
			sourceTree = "<group>";
		};
		3B8E61E21B3AA21B0060B6D7 /* Supporting Files */ = {
			isa = PBXGroup;
			children = (
				3B8E61E31B3AA21B0060B6D7 /* Info.plist */,
			);
			name = "Supporting Files";
			sourceTree = "<group>";
		};
/* End PBXGroup section */

/* Begin PBXNativeTarget section */
		3B8E61C41B3AA21B0060B6D7 /* Perfect Login */ = {
			isa = PBXNativeTarget;
			buildConfigurationList = 3B8E61E81B3AA21B0060B6D7 /* Build configuration list for PBXNativeTarget "Perfect Login" */;
			buildPhases = (
				3B8E61C11B3AA21B0060B6D7 /* Sources */,
				3B8E61C21B3AA21B0060B6D7 /* Frameworks */,
				3B8E61C31B3AA21B0060B6D7 /* Resources */,
			);
			buildRules = (
			);
			dependencies = (
			);
			name = "Perfect Login";
			productName = "Perfect Login";
			productReference = 3B8E61C51B3AA21B0060B6D7 /* Perfect Login.app */;
			productType = "com.apple.product-type.application";
		};
		3B8E61DD1B3AA21B0060B6D7 /* Perfect LoginTests */ = {
			isa = PBXNativeTarget;
			buildConfigurationList = 3B8E61EB1B3AA21B0060B6D7 /* Build configuration list for PBXNativeTarget "Perfect LoginTests" */;
			buildPhases = (
				3B8E61DA1B3AA21B0060B6D7 /* Sources */,
				3B8E61DB1B3AA21B0060B6D7 /* Frameworks */,
				3B8E61DC1B3AA21B0060B6D7 /* Resources */,
			);
			buildRules = (
			);
			dependencies = (
				3B8E61E01B3AA21B0060B6D7 /* PBXTargetDependency */,
			);
			name = "Perfect LoginTests";
			productName = "Perfect LoginTests";
			productReference = 3B8E61DE1B3AA21B0060B6D7 /* Perfect LoginTests.xctest */;
			productType = "com.apple.product-type.bundle.unit-test";
		};
/* End PBXNativeTarget section */

/* Begin PBXProject section */
		3B8E61BD1B3AA21B0060B6D7 /* Project object */ = {
			isa = PBXProject;
			attributes = {
				LastUpgradeCheck = 0630;
				ORGANIZATIONNAME = Azilen;
				TargetAttributes = {
					3B8E61C41B3AA21B0060B6D7 = {
						CreatedOnToolsVersion = 6.3;
					};
					3B8E61DD1B3AA21B0060B6D7 = {
						CreatedOnToolsVersion = 6.3;
						TestTargetID = 3B8E61C41B3AA21B0060B6D7;
					};
				};
			};
			buildConfigurationList = 3B8E61C01B3AA21B0060B6D7 /* Build configuration list for PBXProject "Perfect Login" */;
			compatibilityVersion = "Xcode 3.2";
			developmentRegion = English;
			hasScannedForEncodings = 0;
			knownRegions = (
				en,
				Base,
			);
			mainGroup = 3B8E61BC1B3AA21B0060B6D7;
			productRefGroup = 3B8E61C61B3AA21B0060B6D7 /* Products */;
			projectDirPath = "";
			projectRoot = "";
			targets = (
				3B8E61C41B3AA21B0060B6D7 /* Perfect Login */,
				3B8E61DD1B3AA21B0060B6D7 /* Perfect LoginTests */,
			);
		};
/* End PBXProject section */

/* Begin PBXResourcesBuildPhase section */
		3B8E61C31B3AA21B0060B6D7 /* Resources */ = {
			isa = PBXResourcesBuildPhase;
			buildActionMask = 2147483647;
			files = (
				3B8E61D41B3AA21B0060B6D7 /* Main.storyboard in Resources */,
				3B8E61D91B3AA21B0060B6D7 /* LaunchScreen.xib in Resources */,
				3B8E61D61B3AA21B0060B6D7 /* Images.xcassets in Resources */,
			);
			runOnlyForDeploymentPostprocessing = 0;
		};
		3B8E61DC1B3AA21B0060B6D7 /* Resources */ = {
			isa = PBXResourcesBuildPhase;
			buildActionMask = 2147483647;
			files = (
			);
			runOnlyForDeploymentPostprocessing = 0;
		};
/* End PBXResourcesBuildPhase section */

/* Begin PBXSourcesBuildPhase section */
		3B8E61C11B3AA21B0060B6D7 /* Sources */ = {
			isa = PBXSourcesBuildPhase;
			buildActionMask = 2147483647;
			files = (
				3BA6AE641B3C1FDA0033646E /* HomeScreen.m in Sources */,
				3B8E61D11B3AA21B0060B6D7 /* ViewController.m in Sources */,
				3B8E61CE1B3AA21B0060B6D7 /* AppDelegate.m in Sources */,
				3B8E61CB1B3AA21B0060B6D7 /* main.m in Sources */,
			);
			runOnlyForDeploymentPostprocessing = 0;
		};
		3B8E61DA1B3AA21B0060B6D7 /* Sources */ = {
			isa = PBXSourcesBuildPhase;
			buildActionMask = 2147483647;
			files = (
				3B8E61E51B3AA21B0060B6D7 /* Perfect_LoginTests.m in Sources */,
			);
			runOnlyForDeploymentPostprocessing = 0;
		};
/* End PBXSourcesBuildPhase section */

/* Begin PBXTargetDependency section */
		3B8E61E01B3AA21B0060B6D7 /* PBXTargetDependency */ = {
			isa = PBXTargetDependency;
			target = 3B8E61C41B3AA21B0060B6D7 /* Perfect Login */;
			targetProxy = 3B8E61DF1B3AA21B0060B6D7 /* PBXContainerItemProxy */;
		};
/* End PBXTargetDependency section */

/* Begin PBXVariantGroup section */
		3B8E61D21B3AA21B0060B6D7 /* Main.storyboard */ = {
			isa = PBXVariantGroup;
			children = (
				3B8E61D31B3AA21B0060B6D7 /* Base */,
			);
			name = Main.storyboard;
			sourceTree = "<group>";
		};
		3B8E61D71B3AA21B0060B6D7 /* LaunchScreen.xib */ = {
			isa = PBXVariantGroup;
			children = (
				3B8E61D81B3AA21B0060B6D7 /* Base */,
			);
			name = LaunchScreen.xib;
			sourceTree = "<group>";
		};
/* End PBXVariantGroup section */

/* Begin XCBuildConfiguration section */
		3B8E61E61B3AA21B0060B6D7 /* Debug */ = {
			isa = XCBuildConfiguration;
			buildSettings = {
				ALWAYS_SEARCH_USER_PATHS = NO;
				CLANG_CXX_LANGUAGE_STANDARD = "gnu++0x";
				CLANG_CXX_LIBRARY = "libc++";
				CLANG_ENABLE_MODULES = YES;
				CLANG_ENABLE_OBJC_ARC = YES;
				CLANG_WARN_BOOL_CONVERSION = YES;
				CLANG_WARN_CONSTANT_CONVERSION = YES;
				CLANG_WARN_DIRECT_OBJC_ISA_USAGE = YES_ERROR;
				CLANG_WARN_EMPTY_BODY = YES;
				CLANG_WARN_ENUM_CONVERSION = YES;
				CLANG_WARN_INT_CONVERSION = YES;
				CLANG_WARN_OBJC_ROOT_CLASS = YES_ERROR;
				CLANG_WARN_UNREACHABLE_CODE = YES;
				CLANG_WARN__DUPLICATE_METHOD_MATCH = YES;
				"CODE_SIGN_IDENTITY[sdk=iphoneos*]" = "iPhone Developer";
				COPY_PHASE_STRIP = NO;
				DEBUG_INFORMATION_FORMAT = "dwarf-with-dsym";
				ENABLE_STRICT_OBJC_MSGSEND = YES;
				GCC_C_LANGUAGE_STANDARD = gnu99;
				GCC_DYNAMIC_NO_PIC = NO;
				GCC_NO_COMMON_BLOCKS = YES;
				GCC_OPTIMIZATION_LEVEL = 0;
				GCC_PREPROCESSOR_DEFINITIONS = (
					"DEBUG=1",
					"$(inherited)",
				);
				GCC_SYMBOLS_PRIVATE_EXTERN = NO;
				GCC_WARN_64_TO_32_BIT_CONVERSION = YES;
				GCC_WARN_ABOUT_RETURN_TYPE = YES_ERROR;
				GCC_WARN_UNDECLARED_SELECTOR = YES;
				GCC_WARN_UNINITIALIZED_AUTOS = YES_AGGRESSIVE;
				GCC_WARN_UNUSED_FUNCTION = YES;
				GCC_WARN_UNUSED_VARIABLE = YES;
				IPHONEOS_DEPLOYMENT_TARGET = 8.3;
				MTL_ENABLE_DEBUG_INFO = YES;
				ONLY_ACTIVE_ARCH = YES;
				SDKROOT = iphoneos;
			};
			name = Debug;
		};
		3B8E61E71B3AA21B0060B6D7 /* Release */ = {
			isa = XCBuildConfiguration;
			buildSettings = {
				ALWAYS_SEARCH_USER_PATHS = NO;
				CLANG_CXX_LANGUAGE_STANDARD = "gnu++0x";
				CLANG_CXX_LIBRARY = "libc++";
				CLANG_ENABLE_MODULES = YES;
				CLANG_ENABLE_OBJC_ARC = YES;
				CLANG_WARN_BOOL_CONVERSION = YES;
				CLANG_WARN_CONSTANT_CONVERSION = YES;
				CLANG_WARN_DIRECT_OBJC_ISA_USAGE = YES_ERROR;
				CLANG_WARN_EMPTY_BODY = YES;
				CLANG_WARN_ENUM_CONVERSION = YES;
				CLANG_WARN_INT_CONVERSION = YES;
				CLANG_WARN_OBJC_ROOT_CLASS = YES_ERROR;
				CLANG_WARN_UNREACHABLE_CODE = YES;
				CLANG_WARN__DUPLICATE_METHOD_MATCH = YES;
				"CODE_SIGN_IDENTITY[sdk=iphoneos*]" = "iPhone Developer";
				COPY_PHASE_STRIP = NO;
				DEBUG_INFORMATION_FORMAT = "dwarf-with-dsym";
				ENABLE_NS_ASSERTIONS = NO;
				ENABLE_STRICT_OBJC_MSGSEND = YES;
				GCC_C_LANGUAGE_STANDARD = gnu99;
				GCC_NO_COMMON_BLOCKS = YES;
				GCC_WARN_64_TO_32_BIT_CONVERSION = YES;
				GCC_WARN_ABOUT_RETURN_TYPE = YES_ERROR;
				GCC_WARN_UNDECLARED_SELECTOR = YES;
				GCC_WARN_UNINITIALIZED_AUTOS = YES_AGGRESSIVE;
				GCC_WARN_UNUSED_FUNCTION = YES;
				GCC_WARN_UNUSED_VARIABLE = YES;
				IPHONEOS_DEPLOYMENT_TARGET = 8.3;
				MTL_ENABLE_DEBUG_INFO = NO;
				SDKROOT = iphoneos;
				VALIDATE_PRODUCT = YES;
			};
			name = Release;
		};
		3B8E61E91B3AA21B0060B6D7 /* Debug */ = {
			isa = XCBuildConfiguration;
			buildSettings = {
				ASSETCATALOG_COMPILER_APPICON_NAME = AppIcon;
				CODE_SIGN_IDENTITY = "iPhone Developer: Niket Kapadia (7J9ZL6T3QD)";
				INFOPLIST_FILE = "Perfect Login/Info.plist";
				LD_RUNPATH_SEARCH_PATHS = "$(inherited) @executable_path/Frameworks";
				PRODUCT_NAME = "$(TARGET_NAME)";
				PROVISIONING_PROFILE = "fb6dfaab-002e-4887-8617-2e69691f3839";
			};
			name = Debug;
		};
		3B8E61EA1B3AA21B0060B6D7 /* Release */ = {
			isa = XCBuildConfiguration;
			buildSettings = {
				ASSETCATALOG_COMPILER_APPICON_NAME = AppIcon;
				CODE_SIGN_IDENTITY = "iPhone Developer: Niket Kapadia (7J9ZL6T3QD)";
				INFOPLIST_FILE = "Perfect Login/Info.plist";
				LD_RUNPATH_SEARCH_PATHS = "$(inherited) @executable_path/Frameworks";
				PRODUCT_NAME = "$(TARGET_NAME)";
				PROVISIONING_PROFILE = "fb6dfaab-002e-4887-8617-2e69691f3839";
			};
			name = Release;
		};
		3B8E61EC1B3AA21B0060B6D7 /* Debug */ = {
			isa = XCBuildConfiguration;
			buildSettings = {
				BUNDLE_LOADER = "$(TEST_HOST)";
				FRAMEWORK_SEARCH_PATHS = (
					"$(SDKROOT)/Developer/Library/Frameworks",
					"$(inherited)",
				);
				GCC_PREPROCESSOR_DEFINITIONS = (
					"DEBUG=1",
					"$(inherited)",
				);
				INFOPLIST_FILE = "Perfect LoginTests/Info.plist";
				LD_RUNPATH_SEARCH_PATHS = "$(inherited) @executable_path/Frameworks @loader_path/Frameworks";
				PRODUCT_NAME = "$(TARGET_NAME)";
				TEST_HOST = "$(BUILT_PRODUCTS_DIR)/Perfect Login.app/Perfect Login";
			};
			name = Debug;
		};
		3B8E61ED1B3AA21B0060B6D7 /* Release */ = {
			isa = XCBuildConfiguration;
			buildSettings = {
				BUNDLE_LOADER = "$(TEST_HOST)";
				FRAMEWORK_SEARCH_PATHS = (
					"$(SDKROOT)/Developer/Library/Frameworks",
					"$(inherited)",
				);
				INFOPLIST_FILE = "Perfect LoginTests/Info.plist";
				LD_RUNPATH_SEARCH_PATHS = "$(inherited) @executable_path/Frameworks @loader_path/Frameworks";
				PRODUCT_NAME = "$(TARGET_NAME)";
				TEST_HOST = "$(BUILT_PRODUCTS_DIR)/Perfect Login.app/Perfect Login";
			};
			name = Release;
		};
/* End XCBuildConfiguration section */

/* Begin XCConfigurationList section */
		3B8E61C01B3AA21B0060B6D7 /* Build configuration list for PBXProject "Perfect Login" */ = {
			isa = XCConfigurationList;
			buildConfigurations = (
				3B8E61E61B3AA21B0060B6D7 /* Debug */,
				3B8E61E71B3AA21B0060B6D7 /* Release */,
			);
			defaultConfigurationIsVisible = 0;
			defaultConfigurationName = Release;
		};
		3B8E61E81B3AA21B0060B6D7 /* Build configuration list for PBXNativeTarget "Perfect Login" */ = {
			isa = XCConfigurationList;
			buildConfigurations = (
				3B8E61E91B3AA21B0060B6D7 /* Debug */,
				3B8E61EA1B3AA21B0060B6D7 /* Release */,
			);
			defaultConfigurationIsVisible = 0;
			defaultConfigurationName = Release;
		};
		3B8E61EB1B3AA21B0060B6D7 /* Build configuration list for PBXNativeTarget "Perfect LoginTests" */ = {
			isa = XCConfigurationList;
			buildConfigurations = (
				3B8E61EC1B3AA21B0060B6D7 /* Debug */,
				3B8E61ED1B3AA21B0060B6D7 /* Release */,
			);
			defaultConfigurationIsVisible = 0;
			defaultConfigurationName = Release;
		};
/* End XCConfigurationList section */
	};
	rootObject = 3B8E61BD1B3AA21B0060B6D7 /* Project object */;
}
